// !$*UTF8*$!
{
	archiveVersion = 1;
	classes = {
	};
	objectVersion = 46;
	objects = {

/* Begin PBXBuildFile section */
		B90690291A276A4000FD051A /* main.m in Sources */ = {isa = PBXBuildFile; fileRef = B90690281A276A4000FD051A /* main.m */; };
		B906902C1A276A4000FD051A /* AppDelegate.m in Sources */ = {isa = PBXBuildFile; fileRef = B906902B1A276A4000FD051A /* AppDelegate.m */; };
		B906902F1A276A4000FD051A /* ViewController.m in Sources */ = {isa = PBXBuildFile; fileRef = B906902E1A276A4000FD051A /* ViewController.m */; };
		B90690321A276A4000FD051A /* Main.storyboard in Resources */ = {isa = PBXBuildFile; fileRef = B90690301A276A4000FD051A /* Main.storyboard */; };
		B90690341A276A4000FD051A /* Images.xcassets in Resources */ = {isa = PBXBuildFile; fileRef = B90690331A276A4000FD051A /* Images.xcassets */; };
		B90690371A276A4000FD051A /* LaunchScreen.xib in Resources */ = {isa = PBXBuildFile; fileRef = B90690351A276A4000FD051A /* LaunchScreen.xib */; };
		B90690431A276A4000FD051A /* homeWork7Tests.m in Sources */ = {isa = PBXBuildFile; fileRef = B90690421A276A4000FD051A /* homeWork7Tests.m */; };
		B906904D1A2A35B100FD051A /* wao138.jpg in Resources */ = {isa = PBXBuildFile; fileRef = B906904C1A2A35B100FD051A /* wao138.jpg */; };
/* End PBXBuildFile section */

/* Begin PBXContainerItemProxy section */
		B906903D1A276A4000FD051A /* PBXContainerItemProxy */ = {
			isa = PBXContainerItemProxy;
			containerPortal = B906901B1A276A4000FD051A /* Project object */;
			proxyType = 1;
			remoteGlobalIDString = B90690221A276A4000FD051A;
			remoteInfo = homeWork7;
		};
/* End PBXContainerItemProxy section */

/* Begin PBXFileReference section */
		B90690231A276A4000FD051A /* homeWork7.app */ = {isa = PBXFileReference; explicitFileType = wrapper.application; includeInIndex = 0; path = homeWork7.app; sourceTree = BUILT_PRODUCTS_DIR; };
		B90690271A276A4000FD051A /* Info.plist */ = {isa = PBXFileReference; lastKnownFileType = text.plist.xml; path = Info.plist; sourceTree = "<group>"; };
		B90690281A276A4000FD051A /* main.m */ = {isa = PBXFileReference; lastKnownFileType = sourcecode.c.objc; path = main.m; sourceTree = "<group>"; };
		B906902A1A276A4000FD051A /* AppDelegate.h */ = {isa = PBXFileReference; lastKnownFileType = sourcecode.c.h; path = AppDelegate.h; sourceTree = "<group>"; };
		B906902B1A276A4000FD051A /* AppDelegate.m */ = {isa = PBXFileReference; lastKnownFileType = sourcecode.c.objc; path = AppDelegate.m; sourceTree = "<group>"; };
		B906902D1A276A4000FD051A /* ViewController.h */ = {isa = PBXFileReference; lastKnownFileType = sourcecode.c.h; path = ViewController.h; sourceTree = "<group>"; };
		B906902E1A276A4000FD051A /* ViewController.m */ = {isa = PBXFileReference; lastKnownFileType = sourcecode.c.objc; path = ViewController.m; sourceTree = "<group>"; };
		B90690311A276A4000FD051A /* Base */ = {isa = PBXFileReference; lastKnownFileType = file.storyboard; name = Base; path = Base.lproj/Main.storyboard; sourceTree = "<group>"; };
		B90690331A276A4000FD051A /* Images.xcassets */ = {isa = PBXFileReference; lastKnownFileType = folder.assetcatalog; path = Images.xcassets; sourceTree = "<group>"; };
		B90690361A276A4000FD051A /* Base */ = {isa = PBXFileReference; lastKnownFileType = file.xib; name = Base; path = Base.lproj/LaunchScreen.xib; sourceTree = "<group>"; };
		B906903C1A276A4000FD051A /* homeWork7Tests.xctest */ = {isa = PBXFileReference; explicitFileType = wrapper.cfbundle; includeInIndex = 0; path = homeWork7Tests.xctest; sourceTree = BUILT_PRODUCTS_DIR; };
		B90690411A276A4000FD051A /* Info.plist */ = {isa = PBXFileReference; lastKnownFileType = text.plist.xml; path = Info.plist; sourceTree = "<group>"; };
		B90690421A276A4000FD051A /* homeWork7Tests.m */ = {isa = PBXFileReference; lastKnownFileType = sourcecode.c.objc; path = homeWork7Tests.m; sourceTree = "<group>"; };
		B906904C1A2A35B100FD051A /* wao138.jpg */ = {isa = PBXFileReference; lastKnownFileType = image.jpeg; name = wao138.jpg; path = "../../../My Pictures/wao138.jpg"; sourceTree = "<group>"; };
/* End PBXFileReference section */

/* Begin PBXFrameworksBuildPhase section */
		B90690201A276A4000FD051A /* Frameworks */ = {
			isa = PBXFrameworksBuildPhase;
			buildActionMask = 2147483647;
			files = (
			);
			runOnlyForDeploymentPostprocessing = 0;
		};
		B90690391A276A4000FD051A /* Frameworks */ = {
			isa = PBXFrameworksBuildPhase;
			buildActionMask = 2147483647;
			files = (
			);
			runOnlyForDeploymentPostprocessing = 0;
		};
/* End PBXFrameworksBuildPhase section */

/* Begin PBXGroup section */
		B906901A1A276A4000FD051A = {
			isa = PBXGroup;
			children = (
				B90690251A276A4000FD051A /* homeWork7 */,
				B906903F1A276A4000FD051A /* homeWork7Tests */,
				B90690241A276A4000FD051A /* Products */,
			);
			sourceTree = "<group>";
		};
		B90690241A276A4000FD051A /* Products */ = {
			isa = PBXGroup;
			children = (
				B90690231A276A4000FD051A /* homeWork7.app */,
				B906903C1A276A4000FD051A /* homeWork7Tests.xctest */,
			);
			name = Products;
			sourceTree = "<group>";
		};
		B90690251A276A4000FD051A /* homeWork7 */ = {
			isa = PBXGroup;
			children = (
				B906902A1A276A4000FD051A /* AppDelegate.h */,
				B906904C1A2A35B100FD051A /* wao138.jpg */,
				B906902B1A276A4000FD051A /* AppDelegate.m */,
				B906902D1A276A4000FD051A /* ViewController.h */,
				B906902E1A276A4000FD051A /* ViewController.m */,
				B90690301A276A4000FD051A /* Main.storyboard */,
				B90690331A276A4000FD051A /* Images.xcassets */,
				B90690351A276A4000FD051A /* LaunchScreen.xib */,
				B90690261A276A4000FD051A /* Supporting Files */,
			);
			path = homeWork7;
			sourceTree = "<group>";
		};
		B90690261A276A4000FD051A /* Supporting Files */ = {
			isa = PBXGroup;
			children = (
				B90690271A276A4000FD051A /* Info.plist */,
				B90690281A276A4000FD051A /* main.m */,
			);
			name = "Supporting Files";
			sourceTree = "<group>";
		};
		B906903F1A276A4000FD051A /* homeWork7Tests */ = {
			isa = PBXGroup;
			children = (
				B90690421A276A4000FD051A /* homeWork7Tests.m */,
				B90690401A276A4000FD051A /* Supporting Files */,
			);
			path = homeWork7Tests;
			sourceTree = "<group>";
		};
		B90690401A276A4000FD051A /* Supporting Files */ = {
			isa = PBXGroup;
			children = (
				B90690411A276A4000FD051A /* Info.plist */,
			);
			name = "Supporting Files";
			sourceTree = "<group>";
		};
/* End PBXGroup section */

/* Begin PBXNativeTarget section */
		B90690221A276A4000FD051A /* homeWork7 */ = {
			isa = PBXNativeTarget;
			buildConfigurationList = B90690461A276A4000FD051A /* Build configuration list for PBXNativeTarget "homeWork7" */;
			buildPhases = (
				B906901F1A276A4000FD051A /* Sources */,
				B90690201A276A4000FD051A /* Frameworks */,
				B90690211A276A4000FD051A /* Resources */,
			);
			buildRules = (
			);
			dependencies = (
			);
			name = homeWork7;
			productName = homeWork7;
			productReference = B90690231A276A4000FD051A /* homeWork7.app */;
			productType = "com.apple.product-type.application";
		};
		B906903B1A276A4000FD051A /* homeWork7Tests */ = {
			isa = PBXNativeTarget;
			buildConfigurationList = B90690491A276A4000FD051A /* Build configuration list for PBXNativeTarget "homeWork7Tests" */;
			buildPhases = (
				B90690381A276A4000FD051A /* Sources */,
				B90690391A276A4000FD051A /* Frameworks */,
				B906903A1A276A4000FD051A /* Resources */,
			);
			buildRules = (
			);
			dependencies = (
				B906903E1A276A4000FD051A /* PBXTargetDependency */,
			);
			name = homeWork7Tests;
			productName = homeWork7Tests;
			productReference = B906903C1A276A4000FD051A /* homeWork7Tests.xctest */;
			productType = "com.apple.product-type.bundle.unit-test";
		};
/* End PBXNativeTarget section */

/* Begin PBXProject section */
		B906901B1A276A4000FD051A /* Project object */ = {
			isa = PBXProject;
			attributes = {
				LastUpgradeCheck = 0610;
				ORGANIZATIONNAME = "Alexandr Kharchenko";
				TargetAttributes = {
					B90690221A276A4000FD051A = {
						CreatedOnToolsVersion = 6.1;
					};
					B906903B1A276A4000FD051A = {
						CreatedOnToolsVersion = 6.1;
						TestTargetID = B90690221A276A4000FD051A;
					};
				};
			};
			buildConfigurationList = B906901E1A276A4000FD051A /* Build configuration list for PBXProject "homeWork7" */;
			compatibilityVersion = "Xcode 3.2";
			developmentRegion = English;
			hasScannedForEncodings = 0;
			knownRegions = (
				en,
				Base,
			);
			mainGroup = B906901A1A276A4000FD051A;
			productRefGroup = B90690241A276A4000FD051A /* Products */;
			projectDirPath = "";
			projectRoot = "";
			targets = (
				B90690221A276A4000FD051A /* homeWork7 */,
				B906903B1A276A4000FD051A /* homeWork7Tests */,
			);
		};
/* End PBXProject section */

/* Begin PBXResourcesBuildPhase section */
		B90690211A276A4000FD051A /* Resources */ = {
			isa = PBXResourcesBuildPhase;
			buildActionMask = 2147483647;
			files = (
				B906904D1A2A35B100FD051A /* wao138.jpg in Resources */,
				B90690321A276A4000FD051A /* Main.storyboard in Resources */,
				B90690371A276A4000FD051A /* LaunchScreen.xib in Resources */,
				B90690341A276A4000FD051A /* Images.xcassets in Resources */,
			);
			runOnlyForDeploymentPostprocessing = 0;
		};
		B906903A1A276A4000FD051A /* Resources */ = {
			isa = PBXResourcesBuildPhase;
			buildActionMask = 2147483647;
			files = (
			);
			runOnlyForDeploymentPostprocessing = 0;
		};
/* End PBXResourcesBuildPhase section */

/* Begin PBXSourcesBuildPhase section */
		B906901F1A276A4000FD051A /* Sources */ = {
			isa = PBXSourcesBuildPhase;
			buildActionMask = 2147483647;
			files = (
				B906902F1A276A4000FD051A /* ViewController.m in Sources */,
				B906902C1A276A4000FD051A /* AppDelegate.m in Sources */,
				B90690291A276A4000FD051A /* main.m in Sources */,
			);
			runOnlyForDeploymentPostprocessing = 0;
		};
		B90690381A276A4000FD051A /* Sources */ = {
			isa = PBXSourcesBuildPhase;
			buildActionMask = 2147483647;
			files = (
				B90690431A276A4000FD051A /* homeWork7Tests.m in Sources */,
			);
			runOnlyForDeploymentPostprocessing = 0;
		};
/* End PBXSourcesBuildPhase section */

/* Begin PBXTargetDependency section */
		B906903E1A276A4000FD051A /* PBXTargetDependency */ = {
			isa = PBXTargetDependency;
			target = B90690221A276A4000FD051A /* homeWork7 */;
			targetProxy = B906903D1A276A4000FD051A /* PBXContainerItemProxy */;
		};
/* End PBXTargetDependency section */

/* Begin PBXVariantGroup section */
		B90690301A276A4000FD051A /* Main.storyboard */ = {
			isa = PBXVariantGroup;
			children = (
				B90690311A276A4000FD051A /* Base */,
			);
			name = Main.storyboard;
			sourceTree = "<group>";
		};
		B90690351A276A4000FD051A /* LaunchScreen.xib */ = {
			isa = PBXVariantGroup;
			children = (
				B90690361A276A4000FD051A /* Base */,
			);
			name = LaunchScreen.xib;
			sourceTree = "<group>";
		};
/* End PBXVariantGroup section */

/* Begin XCBuildConfiguration section */
		B90690441A276A4000FD051A /* Debug */ = {
			isa = XCBuildConfiguration;
			buildSettings = {
				ALWAYS_SEARCH_USER_PATHS = NO;
				CLANG_CXX_LANGUAGE_STANDARD = "gnu++0x";
				CLANG_CXX_LIBRARY = "libc++";
				CLANG_ENABLE_MODULES = YES;
				CLANG_ENABLE_OBJC_ARC = YES;
				CLANG_WARN_BOOL_CONVERSION = YES;
				CLANG_WARN_CONSTANT_CONVERSION = YES;
				CLANG_WARN_DIRECT_OBJC_ISA_USAGE = YES_ERROR;
				CLANG_WARN_EMPTY_BODY = YES;
				CLANG_WARN_ENUM_CONVERSION = YES;
				CLANG_WARN_INT_CONVERSION = YES;
				CLANG_WARN_OBJC_ROOT_CLASS = YES_ERROR;
				CLANG_WARN_UNREACHABLE_CODE = YES;
				CLANG_WARN__DUPLICATE_METHOD_MATCH = YES;
				"CODE_SIGN_IDENTITY[sdk=iphoneos*]" = "iPhone Developer";
				COPY_PHASE_STRIP = NO;
				ENABLE_STRICT_OBJC_MSGSEND = YES;
				GCC_C_LANGUAGE_STANDARD = gnu99;
				GCC_DYNAMIC_NO_PIC = NO;
				GCC_OPTIMIZATION_LEVEL = 0;
				GCC_PREPROCESSOR_DEFINITIONS = (
					"DEBUG=1",
					"$(inherited)",
				);
				GCC_SYMBOLS_PRIVATE_EXTERN = NO;
				GCC_WARN_64_TO_32_BIT_CONVERSION = YES;
				GCC_WARN_ABOUT_RETURN_TYPE = YES_ERROR;
				GCC_WARN_UNDECLARED_SELECTOR = YES;
				GCC_WARN_UNINITIALIZED_AUTOS = YES_AGGRESSIVE;
				GCC_WARN_UNUSED_FUNCTION = YES;
				GCC_WARN_UNUSED_VARIABLE = YES;
				IPHONEOS_DEPLOYMENT_TARGET = 8.1;
				MTL_ENABLE_DEBUG_INFO = YES;
				ONLY_ACTIVE_ARCH = YES;
				SDKROOT = iphoneos;
			};
			name = Debug;
		};
		B90690451A276A4000FD051A /* Release */ = {
			isa = XCBuildConfiguration;
			buildSettings = {
				ALWAYS_SEARCH_USER_PATHS = NO;
				CLANG_CXX_LANGUAGE_STANDARD = "gnu++0x";
				CLANG_CXX_LIBRARY = "libc++";
				CLANG_ENABLE_MODULES = YES;
				CLANG_ENABLE_OBJC_ARC = YES;
				CLANG_WARN_BOOL_CONVERSION = YES;
				CLANG_WARN_CONSTANT_CONVERSION = YES;
				CLANG_WARN_DIRECT_OBJC_ISA_USAGE = YES_ERROR;
				CLANG_WARN_EMPTY_BODY = YES;
				CLANG_WARN_ENUM_CONVERSION = YES;
				CLANG_WARN_INT_CONVERSION = YES;
				CLANG_WARN_OBJC_ROOT_CLASS = YES_ERROR;
				CLANG_WARN_UNREACHABLE_CODE = YES;
				CLANG_WARN__DUPLICATE_METHOD_MATCH = YES;
				"CODE_SIGN_IDENTITY[sdk=iphoneos*]" = "iPhone Developer";
				COPY_PHASE_STRIP = YES;
				ENABLE_NS_ASSERTIONS = NO;
				ENABLE_STRICT_OBJC_MSGSEND = YES;
				GCC_C_LANGUAGE_STANDARD = gnu99;
				GCC_WARN_64_TO_32_BIT_CONVERSION = YES;
				GCC_WARN_ABOUT_RETURN_TYPE = YES_ERROR;
				GCC_WARN_UNDECLARED_SELECTOR = YES;
				GCC_WARN_UNINITIALIZED_AUTOS = YES_AGGRESSIVE;
				GCC_WARN_UNUSED_FUNCTION = YES;
				GCC_WARN_UNUSED_VARIABLE = YES;
				IPHONEOS_DEPLOYMENT_TARGET = 8.1;
				MTL_ENABLE_DEBUG_INFO = NO;
				SDKROOT = iphoneos;
				VALIDATE_PRODUCT = YES;
			};
			name = Release;
		};
		B90690471A276A4000FD051A /* Debug */ = {
			isa = XCBuildConfiguration;
			buildSettings = {
				ASSETCATALOG_COMPILER_APPICON_NAME = AppIcon;
				INFOPLIST_FILE = homeWork7/Info.plist;
				LD_RUNPATH_SEARCH_PATHS = "$(inherited) @executable_path/Frameworks";
				PRODUCT_NAME = "$(TARGET_NAME)";
			};
			name = Debug;
		};
		B90690481A276A4000FD051A /* Release */ = {
			isa = XCBuildConfiguration;
			buildSettings = {
				ASSETCATALOG_COMPILER_APPICON_NAME = AppIcon;
				INFOPLIST_FILE = homeWork7/Info.plist;
				LD_RUNPATH_SEARCH_PATHS = "$(inherited) @executable_path/Frameworks";
				PRODUCT_NAME = "$(TARGET_NAME)";
			};
			name = Release;
		};
		B906904A1A276A4000FD051A /* Debug */ = {
			isa = XCBuildConfiguration;
			buildSettings = {
				BUNDLE_LOADER = "$(TEST_HOST)";
				FRAMEWORK_SEARCH_PATHS = (
					"$(SDKROOT)/Developer/Library/Frameworks",
					"$(inherited)",
				);
				GCC_PREPROCESSOR_DEFINITIONS = (
					"DEBUG=1",
					"$(inherited)",
				);
				INFOPLIST_FILE = homeWork7Tests/Info.plist;
				LD_RUNPATH_SEARCH_PATHS = "$(inherited) @executable_path/Frameworks @loader_path/Frameworks";
				PRODUCT_NAME = "$(TARGET_NAME)";
				TEST_HOST = "$(BUILT_PRODUCTS_DIR)/homeWork7.app/homeWork7";
			};
			name = Debug;
		};
		B906904B1A276A4000FD051A /* Release */ = {
			isa = XCBuildConfiguration;
			buildSettings = {
				BUNDLE_LOADER = "$(TEST_HOST)";
				FRAMEWORK_SEARCH_PATHS = (
					"$(SDKROOT)/Developer/Library/Frameworks",
					"$(inherited)",
				);
				INFOPLIST_FILE = homeWork7Tests/Info.plist;
				LD_RUNPATH_SEARCH_PATHS = "$(inherited) @executable_path/Frameworks @loader_path/Frameworks";
				PRODUCT_NAME = "$(TARGET_NAME)";
				TEST_HOST = "$(BUILT_PRODUCTS_DIR)/homeWork7.app/homeWork7";
			};
			name = Release;
		};
/* End XCBuildConfiguration section */

/* Begin XCConfigurationList section */
		B906901E1A276A4000FD051A /* Build configuration list for PBXProject "homeWork7" */ = {
			isa = XCConfigurationList;
			buildConfigurations = (
				B90690441A276A4000FD051A /* Debug */,
				B90690451A276A4000FD051A /* Release */,
			);
			defaultConfigurationIsVisible = 0;
			defaultConfigurationName = Release;
		};
		B90690461A276A4000FD051A /* Build configuration list for PBXNativeTarget "homeWork7" */ = {
			isa = XCConfigurationList;
			buildConfigurations = (
				B90690471A276A4000FD051A /* Debug */,
				B90690481A276A4000FD051A /* Release */,
			);
			defaultConfigurationIsVisible = 0;
		};
		B90690491A276A4000FD051A /* Build configuration list for PBXNativeTarget "homeWork7Tests" */ = {
			isa = XCConfigurationList;
			buildConfigurations = (
				B906904A1A276A4000FD051A /* Debug */,
				B906904B1A276A4000FD051A /* Release */,
			);
			defaultConfigurationIsVisible = 0;
		};
/* End XCConfigurationList section */
	};
	rootObject = B906901B1A276A4000FD051A /* Project object */;
}
